
Microsoft Visual Studio Solution File, Format Version 12.00
# Visual Studio Version 17
VisualStudioVersion = 17.8.34316.72
MinimumVisualStudioVersion = 10.0.40219.1
Project("{FAE04EC0-301F-11D3-BF4B-00C04F79EFBC}") = "HomeWork5", "HomeWork5\HomeWork5.csproj", "{17CE3B7F-CC25-4750-8EC1-5006CC5DE86C}"
EndProject
Global
	GlobalSection(SolutionConfigurationPlatforms) = preSolution
		Debug|Any CPU = Debug|Any CPU
		Release|Any CPU = Release|Any CPU
	EndGlobalSection
	GlobalSection(ProjectConfigurationPlatforms) = postSolution
		{17CE3B7F-CC25-4750-8EC1-5006CC5DE86C}.Debug|Any CPU.ActiveCfg = Debug|Any CPU
		{17CE3B7F-CC25-4750-8EC1-5006CC5DE86C}.Debug|Any CPU.Build.0 = Debug|Any CPU
		{17CE3B7F-CC25-4750-8EC1-5006CC5DE86C}.Release|Any CPU.ActiveCfg = Release|Any CPU
		{17CE3B7F-CC25-4750-8EC1-5006CC5DE86C}.Release|Any CPU.Build.0 = Release|Any CPU
	EndGlobalSection
	GlobalSection(SolutionProperties) = preSolution
		HideSolutionNode = FALSE
	EndGlobalSection
	GlobalSection(ExtensibilityGlobals) = postSolution
		SolutionGuid = {E17457C9-6944-4EA0-89F1-4C291493EAD5}
	EndGlobalSection
EndGlobal
